{
  "version": "3",
  "packages": {
    "specifiers": {
      "npm:regex-translator@0.2.8": "npm:regex-translator@0.2.8"
    },
    "npm": {
      "@colors/colors@1.6.0": {
        "integrity": "sha512-Ir+AOibqzrIsL6ajt3Rz3LskB7OiMVHqltZmspbW/TJuTVuyOMirVqAkjfY6JISiLHgyNqicAC8AyHHGzNd/dA==",
        "dependencies": {}
      },
      "@dabh/diagnostics@2.0.3": {
        "integrity": "sha512-hrlQOIi7hAfzsMqlGSFyVucrx38O+j6wiGOf//H2ecvIEqYN4ADBSS2iLMh5UFyDunCNniUIPk/q3riFv45xRA==",
        "dependencies": {
          "colorspace": "colorspace@1.1.4",
          "enabled": "enabled@2.0.0",
          "kuler": "kuler@2.0.0"
        }
      },
      "@types/triple-beam@1.3.5": {
        "integrity": "sha512-6WaYesThRMCl19iryMYP7/x2OVgCtbIVflDGFpWnb9irXI3UjYE4AzmYuiUKY1AJstGijoY+MgUszMgRxIYTYw==",
        "dependencies": {}
      },
      "ansi-regex@6.0.1": {
        "integrity": "sha512-n5M855fKb2SsfMIiFFoVrABHJC8QtHwVx+mHWP3QcEqBHYienj5dHSgjbxtC0WEZXYt4wcD6zrQElDPhFuZgfA==",
        "dependencies": {}
      },
      "ansi-styles@3.2.1": {
        "integrity": "sha512-VT0ZI6kZRdTh8YyJw3SMbYm/u+NqfsAxEpWO0Pf9sq8/e94WxxOpPKx9FR1FlyCtOVDNOQ+8ntlqFxiRc+r5qA==",
        "dependencies": {
          "color-convert": "color-convert@1.9.3"
        }
      },
      "application-log-winston-interface@2.0.6": {
        "integrity": "sha512-sHS1lNt2RwXe7tUYjfWm4A5gT4eLKnQ/7xqVwhmrkcpJ/x0PLuFhIKj7NcwlAz2zFoc9lyRFIxn09DIw+KLAeA==",
        "dependencies": {
          "logform": "logform@2.6.0",
          "winston": "winston@3.13.0"
        }
      },
      "arch@2.2.0": {
        "integrity": "sha512-Of/R0wqp83cgHozfIYLbBMnej79U/SVGOOyuB3VVFv1NRM/PSFMK12x9KVtiYzJqmnU5WR2qp0Z5rHb7sWGnFQ==",
        "dependencies": {}
      },
      "array-back@3.1.0": {
        "integrity": "sha512-TkuxA4UCOvxuDK6NZYXCalszEzj+TLszyASooky+i742l9TqsOdYCMJJupxRic61hwquNtppB3hgcuq9SVSH1Q==",
        "dependencies": {}
      },
      "array-back@4.0.2": {
        "integrity": "sha512-NbdMezxqf94cnNfWLL7V/im0Ub+Anbb0IoZhvzie8+4HJ4nMQuzHuy49FkGYCJK2yAloZ3meiB6AVMClbrI1vg==",
        "dependencies": {}
      },
      "async@3.2.5": {
        "integrity": "sha512-baNZyqaaLhyLVKm/DlvdW051MSgO6b8eVfIezl9E5PqWxFgzLm/wQntEW4zOytVburDEr0JlALEpdOFwvErLsg==",
        "dependencies": {}
      },
      "chalk@2.4.2": {
        "integrity": "sha512-Mti+f9lpJNcwF4tWV8/OrTTtF1gZi+f8FqlyAdouralcFWFQWF2+NgCHShjkCb+IFBLq9buZwE1xckQU4peSuQ==",
        "dependencies": {
          "ansi-styles": "ansi-styles@3.2.1",
          "escape-string-regexp": "escape-string-regexp@1.0.5",
          "supports-color": "supports-color@5.5.0"
        }
      },
      "clipboardy@2.3.0": {
        "integrity": "sha512-mKhiIL2DrQIsuXMgBgnfEHOZOryC7kY7YO//TN6c63wlEm3NG5tz+YgY5rVi29KCmq/QQjKYvM7a19+MDOTHOQ==",
        "dependencies": {
          "arch": "arch@2.2.0",
          "execa": "execa@1.0.0",
          "is-wsl": "is-wsl@2.2.0"
        }
      },
      "color-convert@1.9.3": {
        "integrity": "sha512-QfAUtd+vFdAtFQcC8CCyYt1fYWxSqAiK2cSD6zDB8N3cpsEBAvRxp9zOGg6G/SHHJYAT88/az/IuDGALsNVbGg==",
        "dependencies": {
          "color-name": "color-name@1.1.3"
        }
      },
      "color-name@1.1.3": {
        "integrity": "sha512-72fSenhMw2HZMTVHeCA9KCmpEIbzWiQsjN+BHcBbS9vr1mtt+vJjPdksIBNUmKAW8TFUDPJK5SUU3QhE9NEXDw==",
        "dependencies": {}
      },
      "color-string@1.9.1": {
        "integrity": "sha512-shrVawQFojnZv6xM40anx4CkoDP+fZsw/ZerEMsW/pyzsRbElpsL/DBVW7q3ExxwusdNXI3lXpuhEZkzs8p5Eg==",
        "dependencies": {
          "color-name": "color-name@1.1.3",
          "simple-swizzle": "simple-swizzle@0.2.2"
        }
      },
      "color@3.2.1": {
        "integrity": "sha512-aBl7dZI9ENN6fUGC7mWpMTPNHmWUSNan9tuWN6ahh5ZLNk9baLJOnSMlrQkHcrfFgz2/RigjUVAjdx36VcemKA==",
        "dependencies": {
          "color-convert": "color-convert@1.9.3",
          "color-string": "color-string@1.9.1"
        }
      },
      "colorspace@1.1.4": {
        "integrity": "sha512-BgvKJiuVu1igBUF2kEjRCZXol6wiiGbY5ipL/oVPwm0BL9sIpMIzM8IK7vwuxIIzOXMV3Ey5w+vxhm0rR/TN8w==",
        "dependencies": {
          "color": "color@3.2.1",
          "text-hex": "text-hex@1.0.0"
        }
      },
      "command-line-args@5.2.1": {
        "integrity": "sha512-H4UfQhZyakIjC74I9d34fGYDwk3XpSr17QhEd0Q3I9Xq1CETHo4Hcuo87WyWHpAF1aSLjLRf5lD9ZGX2qStUvg==",
        "dependencies": {
          "array-back": "array-back@3.1.0",
          "find-replace": "find-replace@3.0.0",
          "lodash.camelcase": "lodash.camelcase@4.3.0",
          "typical": "typical@4.0.0"
        }
      },
      "command-line-usage@6.1.3": {
        "integrity": "sha512-sH5ZSPr+7UStsloltmDh7Ce5fb8XPlHyoPzTpyyMuYCtervL65+ubVZ6Q61cFtFl62UyJlc8/JwERRbAFPUqgw==",
        "dependencies": {
          "array-back": "array-back@4.0.2",
          "chalk": "chalk@2.4.2",
          "table-layout": "table-layout@1.0.2",
          "typical": "typical@5.2.0"
        }
      },
      "cross-spawn@6.0.5": {
        "integrity": "sha512-eTVLrBSt7fjbDygz805pMnstIs2VTBNkRm0qxZd+M7A5XDdxVRWO5MxGBXZhjY4cqLYLdtrGqRf8mBPmzwSpWQ==",
        "dependencies": {
          "nice-try": "nice-try@1.0.5",
          "path-key": "path-key@2.0.1",
          "semver": "semver@5.7.2",
          "shebang-command": "shebang-command@1.2.0",
          "which": "which@1.3.1"
        }
      },
      "deep-extend@0.6.0": {
        "integrity": "sha512-LOHxIOaPYdHlJRtCQfDIVZtfw/ufM8+rVj649RIHzcm/vGwQRXFt6OPqIFWsm2XEMrNIEtWR64sY1LEKD2vAOA==",
        "dependencies": {}
      },
      "enabled@2.0.0": {
        "integrity": "sha512-AKrN98kuwOzMIdAizXGI86UFBoo26CL21UM763y1h/GMSJ4/OHU9k2YlsmBpyScFo/wbLzWQJBMCW4+IO3/+OQ==",
        "dependencies": {}
      },
      "end-of-stream@1.4.4": {
        "integrity": "sha512-+uw1inIHVPQoaVuHzRyXd21icM+cnt4CzD5rW+NC1wjOUSTOs+Te7FOv7AhN7vS9x/oIyhLP5PR1H+phQAHu5Q==",
        "dependencies": {
          "once": "once@1.4.0"
        }
      },
      "env-paths@2.2.1": {
        "integrity": "sha512-+h1lkLKhZMTYjog1VEpJNG7NZJWcuc2DDk/qsqSTRRCOXiLjeQ1d1/udrUGhqMxUgAlwKNZ0cf2uqan5GLuS2A==",
        "dependencies": {}
      },
      "escape-string-regexp@1.0.5": {
        "integrity": "sha512-vbRorB5FUQWvla16U8R/qgaFIya2qGzwDrNmCZuYKrbdSUMG6I1ZCGQRefkRVhuOkIGVne7BQ35DSfo1qvJqFg==",
        "dependencies": {}
      },
      "execa@1.0.0": {
        "integrity": "sha512-adbxcyWV46qiHyvSp50TKt05tB4tK3HcmF7/nxfAdhnox83seTDbwnaqKO4sXRy7roHAIFqJP/Rw/AuEbX61LA==",
        "dependencies": {
          "cross-spawn": "cross-spawn@6.0.5",
          "get-stream": "get-stream@4.1.0",
          "is-stream": "is-stream@1.1.0",
          "npm-run-path": "npm-run-path@2.0.2",
          "p-finally": "p-finally@1.0.0",
          "signal-exit": "signal-exit@3.0.7",
          "strip-eof": "strip-eof@1.0.0"
        }
      },
      "fecha@4.2.3": {
        "integrity": "sha512-OP2IUU6HeYKJi3i0z4A19kHMQoLVs4Hc+DPqqxI2h/DPZHTm/vjsfC6P0b4jCMy14XizLBqvndQ+UilD7707Jw==",
        "dependencies": {}
      },
      "find-replace@3.0.0": {
        "integrity": "sha512-6Tb2myMioCAgv5kfvP5/PkZZ/ntTpVK39fHY7WkWBgvbeE+VHd/tZuZ4mrC+bxh4cfOZeYKVPaJIZtZXV7GNCQ==",
        "dependencies": {
          "array-back": "array-back@3.1.0"
        }
      },
      "fn.name@1.1.0": {
        "integrity": "sha512-GRnmB5gPyJpAhTQdSZTSp9uaPSvl09KoYcMQtsB9rQoOmzs9dH6ffeccH+Z+cv6P68Hu5bC6JjRh4Ah/mHSNRw==",
        "dependencies": {}
      },
      "get-stream@4.1.0": {
        "integrity": "sha512-GMat4EJ5161kIy2HevLlr4luNjBgvmj413KaQA7jt4V8B4RDsfpHk7WQ9GVqfYyyx8OS/L66Kox+rJRNklLK7w==",
        "dependencies": {
          "pump": "pump@3.0.0"
        }
      },
      "get-stream@6.0.1": {
        "integrity": "sha512-ts6Wi+2j3jQjqi70w5AlN8DFnkSwC+MqmxEzdEALB2qXZYV3X/b1CTfgPLGJNMeAWxdPfU8FO1ms3NUfaHCPYg==",
        "dependencies": {}
      },
      "has-flag@3.0.0": {
        "integrity": "sha512-sKJf1+ceQBr4SMkvQnBDNDtf4TXpVhVGateu0t918bl30FnbE2m4vNLX+VWe/dpjlb+HugGYzW7uQXH98HPEYw==",
        "dependencies": {}
      },
      "inherits@2.0.4": {
        "integrity": "sha512-k/vGaX4/Yla3WzyMCvTQOXYeIHvqOKtnqBduzTHpzpQZzAskKMhZ2K+EnBiSM9zGSoIFeMpXKxa4dYeZIQqewQ==",
        "dependencies": {}
      },
      "is-arrayish@0.3.2": {
        "integrity": "sha512-eVRqCvVlZbuw3GrM63ovNSNAeA1K16kaR/LRY/92w0zxQ5/1YzwblUX652i4Xs9RwAGjW9d9y6X88t8OaAJfWQ==",
        "dependencies": {}
      },
      "is-docker@2.2.1": {
        "integrity": "sha512-F+i2BKsFrH66iaUFc0woD8sLy8getkwTwtOBjvs56Cx4CgJDeKQeqfz8wAYiSb8JOprWhHH5p77PbmYCvvUuXQ==",
        "dependencies": {}
      },
      "is-stream@1.1.0": {
        "integrity": "sha512-uQPm8kcs47jx38atAcWTVxyltQYoPT68y9aWYdV6yWXSyW8mzSat0TL6CiWdZeCdF3KrAvpVtnHbTv4RN+rqdQ==",
        "dependencies": {}
      },
      "is-stream@2.0.1": {
        "integrity": "sha512-hFoiJiTl63nn+kstHGBtewWSKnQLpyb155KHheA1l39uvtO9nWIop1p3udqPcUd/xbF1VLMO4n7OI6p7RbngDg==",
        "dependencies": {}
      },
      "is-wsl@2.2.0": {
        "integrity": "sha512-fKzAra0rGJUUBwGBgNkHZuToZcn+TtXHpeCgmkMJMMYx1sQDYaCSyjJBSCa2nH1DGm7s3n1oBnohoVTBaN7Lww==",
        "dependencies": {
          "is-docker": "is-docker@2.2.1"
        }
      },
      "isexe@2.0.0": {
        "integrity": "sha512-RHxMLp9lnKHGHRng9QFhRCMbYAcVpn69smSGcq3f36xjgVVWThj4qqLbTLlq7Ssj8B+fIQ1EuCEGI2lKsyQeIw==",
        "dependencies": {}
      },
      "kuler@2.0.0": {
        "integrity": "sha512-Xq9nH7KlWZmXAtodXDDRE7vs6DU1gTU8zYDHDiWLSip45Egwq3plLHzPn27NgvzL2r1LMPC1vdqh98sQxtqj4A==",
        "dependencies": {}
      },
      "lodash.camelcase@4.3.0": {
        "integrity": "sha512-TwuEnCnxbc3rAvhf/LbG7tJUDzhqXyFnv3dtzLOPgCG/hODL7WFnsbwktkD7yUV0RrreP/l1PALq/YSg6VvjlA==",
        "dependencies": {}
      },
      "logform@2.6.0": {
        "integrity": "sha512-1ulHeNPp6k/LD8H91o7VYFBng5i1BDE7HoKxVbZiGFidS1Rj65qcywLxX+pVfAPoQJEjRdvKcusKwOupHCVOVQ==",
        "dependencies": {
          "@colors/colors": "@colors/colors@1.6.0",
          "@types/triple-beam": "@types/triple-beam@1.3.5",
          "fecha": "fecha@4.2.3",
          "ms": "ms@2.1.3",
          "safe-stable-stringify": "safe-stable-stringify@2.4.3",
          "triple-beam": "triple-beam@1.4.1"
        }
      },
      "make-dir@3.1.0": {
        "integrity": "sha512-g3FeP20LNwhALb/6Cz6Dd4F2ngze0jz7tbzrD2wAV+o9FeNHe4rL+yK2md0J/fiSf1sa1ADhXqi5+oVwOM/eGw==",
        "dependencies": {
          "semver": "semver@6.3.1"
        }
      },
      "ms@2.1.3": {
        "integrity": "sha512-6FlzubTLZG3J2a/NVCAleEhjzq5oxgHyaCU9yYXvcLsvoVaHJq/s5xXI6/XXP6tz7R9xAOtHnSO/tXtF3WRTlA==",
        "dependencies": {}
      },
      "nice-try@1.0.5": {
        "integrity": "sha512-1nh45deeb5olNY7eX82BkPO7SSxR5SSYJiPTrTdFUVYwAl8CKMA5N9PjTYkHiRjisVcxcQ1HXdLhx2qxxJzLNQ==",
        "dependencies": {}
      },
      "npm-run-path@2.0.2": {
        "integrity": "sha512-lJxZYlT4DW/bRUtFh1MQIWqmLwQfAxnqWG4HhEdjMlkrJYnJn0Jrr2u3mgxqaWsdiBc76TYkTG/mhrnYTuzfHw==",
        "dependencies": {
          "path-key": "path-key@2.0.1"
        }
      },
      "once@1.4.0": {
        "integrity": "sha512-lNaJgI+2Q5URQBkccEKHTQOPaXdUxnZZElQTZY0MFUAuaEqe1E+Nyvgdz/aIyNi6Z9MzO5dv1H8n58/GELp3+w==",
        "dependencies": {
          "wrappy": "wrappy@1.0.2"
        }
      },
      "one-time@1.0.0": {
        "integrity": "sha512-5DXOiRKwuSEcQ/l0kGCF6Q3jcADFv5tSmRaJck/OqkVFcOzutB134KRSfF0xDrL39MNnqxbHBbUUcjZIhTgb2g==",
        "dependencies": {
          "fn.name": "fn.name@1.1.0"
        }
      },
      "p-finally@1.0.0": {
        "integrity": "sha512-LICb2p9CB7FS+0eR1oqWnHhp0FljGLZCWBE9aix0Uye9W8LTQPwMTYVGWQWIw9RdQiDg4+epXQODwIYJtSJaow==",
        "dependencies": {}
      },
      "path-key@2.0.1": {
        "integrity": "sha512-fEHGKCSmUSDPv4uoj8AlD+joPlq3peND+HRYyxFz4KPw4z926S/b8rIuFs2FYJg3BwsxJf6A9/3eIdLaYC+9Dw==",
        "dependencies": {}
      },
      "pump@3.0.0": {
        "integrity": "sha512-LwZy+p3SFs1Pytd/jYct4wpv49HiYCqd9Rlc5ZVdk0V+8Yzv6jR5Blk3TRmPL1ft69TxP0IMZGJ+WPFU2BFhww==",
        "dependencies": {
          "end-of-stream": "end-of-stream@1.4.4",
          "once": "once@1.4.0"
        }
      },
      "readable-stream@3.6.2": {
        "integrity": "sha512-9u/sniCrY3D5WdsERHzHE4G2YCXqoG5FTHUiCC4SIbr6XcLZBY05ya9EKjYek9O5xOAwjGq+1JdGBAS7Q9ScoA==",
        "dependencies": {
          "inherits": "inherits@2.0.4",
          "string_decoder": "string_decoder@1.3.0",
          "util-deprecate": "util-deprecate@1.0.2"
        }
      },
      "reduce-flatten@2.0.0": {
        "integrity": "sha512-EJ4UNY/U1t2P/2k6oqotuX2Cc3T6nxJwsM0N0asT7dhrtH1ltUxDn4NalSYmPE2rCkVpcf/X6R0wDwcFpzhd4w==",
        "dependencies": {}
      },
      "regex-translator@0.2.8": {
        "integrity": "sha512-mhc1708WWUd96h8rS8KOs1s2dqSnDa6HUaPU3wdcUQyPv60ZQE8W0KWx/BM8KXtKfEKpUDWTbit/djeTlgEKxw==",
        "dependencies": {
          "ansi-regex": "ansi-regex@6.0.1",
          "application-log-winston-interface": "application-log-winston-interface@2.0.6",
          "clipboardy": "clipboardy@2.3.0",
          "command-line-args": "command-line-args@5.2.1",
          "command-line-usage": "command-line-usage@6.1.3",
          "env-paths": "env-paths@2.2.1",
          "get-stream": "get-stream@6.0.1",
          "make-dir": "make-dir@3.1.0"
        }
      },
      "safe-buffer@5.2.1": {
        "integrity": "sha512-rp3So07KcdmmKbGvgaNxQSJr7bGVSVk5S9Eq1F+ppbRo70+YeaDxkw5Dd8NPN+GD6bjnYm2VuPuCXmpuYvmCXQ==",
        "dependencies": {}
      },
      "safe-stable-stringify@2.4.3": {
        "integrity": "sha512-e2bDA2WJT0wxseVd4lsDP4+3ONX6HpMXQa1ZhFQ7SU+GjvORCmShbCMltrtIDfkYhVHrOcPtj+KhmDBdPdZD1g==",
        "dependencies": {}
      },
      "semver@5.7.2": {
        "integrity": "sha512-cBznnQ9KjJqU67B52RMC65CMarK2600WFnbkcaiwWq3xy/5haFJlshgnpjovMVJ+Hff49d8GEn0b87C5pDQ10g==",
        "dependencies": {}
      },
      "semver@6.3.1": {
        "integrity": "sha512-BR7VvDCVHO+q2xBEWskxS6DJE1qRnb7DxzUrogb71CWoSficBxYsiAGd+Kl0mmq/MprG9yArRkyrQxTO6XjMzA==",
        "dependencies": {}
      },
      "shebang-command@1.2.0": {
        "integrity": "sha512-EV3L1+UQWGor21OmnvojK36mhg+TyIKDh3iFBKBohr5xeXIhNBcx8oWdgkTEEQ+BEFFYdLRuqMfd5L84N1V5Vg==",
        "dependencies": {
          "shebang-regex": "shebang-regex@1.0.0"
        }
      },
      "shebang-regex@1.0.0": {
        "integrity": "sha512-wpoSFAxys6b2a2wHZ1XpDSgD7N9iVjg29Ph9uV/uaP9Ex/KXlkTZTeddxDPSYQpgvzKLGJke2UU0AzoGCjNIvQ==",
        "dependencies": {}
      },
      "signal-exit@3.0.7": {
        "integrity": "sha512-wnD2ZE+l+SPC/uoS0vXeE9L1+0wuaMqKlfz9AMUo38JsyLSBWSFcHR1Rri62LZc12vLr1gb3jl7iwQhgwpAbGQ==",
        "dependencies": {}
      },
      "simple-swizzle@0.2.2": {
        "integrity": "sha512-JA//kQgZtbuY83m+xT+tXJkmJncGMTFT+C+g2h2R9uxkYIrE2yy9sgmcLhCnw57/WSD+Eh3J97FPEDFnbXnDUg==",
        "dependencies": {
          "is-arrayish": "is-arrayish@0.3.2"
        }
      },
      "stack-trace@0.0.10": {
        "integrity": "sha512-KGzahc7puUKkzyMt+IqAep+TVNbKP+k2Lmwhub39m1AsTSkaDutx56aDCo+HLDzf/D26BIHTJWNiTG1KAJiQCg==",
        "dependencies": {}
      },
      "string_decoder@1.3.0": {
        "integrity": "sha512-hkRX8U1WjJFd8LsDJ2yQ/wWWxaopEsABU1XfkM8A+j0+85JAGppt16cr1Whg6KIbb4okU6Mql6BOj+uup/wKeA==",
        "dependencies": {
          "safe-buffer": "safe-buffer@5.2.1"
        }
      },
      "strip-eof@1.0.0": {
        "integrity": "sha512-7FCwGGmx8mD5xQd3RPUvnSpUXHM3BWuzjtpD4TXsfcZ9EL4azvVVUscFYwD9nx8Kh+uCBC00XBtAykoMHwTh8Q==",
        "dependencies": {}
      },
      "supports-color@5.5.0": {
        "integrity": "sha512-QjVjwdXIt408MIiAqCX4oUKsgU2EqAGzs2Ppkm4aQYbjm+ZEWEcW4SfFNTr4uMNZma0ey4f5lgLrkB0aX0QMow==",
        "dependencies": {
          "has-flag": "has-flag@3.0.0"
        }
      },
      "table-layout@1.0.2": {
        "integrity": "sha512-qd/R7n5rQTRFi+Zf2sk5XVVd9UQl6ZkduPFC3S7WEGJAmetDTjY3qPN50eSKzwuzEyQKy5TN2TiZdkIjos2L6A==",
        "dependencies": {
          "array-back": "array-back@4.0.2",
          "deep-extend": "deep-extend@0.6.0",
          "typical": "typical@5.2.0",
          "wordwrapjs": "wordwrapjs@4.0.1"
        }
      },
      "text-hex@1.0.0": {
        "integrity": "sha512-uuVGNWzgJ4yhRaNSiubPY7OjISw4sw4E5Uv0wbjp+OzcbmVU/rsT8ujgcXJhn9ypzsgr5vlzpPqP+MBBKcGvbg==",
        "dependencies": {}
      },
      "triple-beam@1.4.1": {
        "integrity": "sha512-aZbgViZrg1QNcG+LULa7nhZpJTZSLm/mXnHXnbAbjmN5aSa0y7V+wvv6+4WaBtpISJzThKy+PIPxc1Nq1EJ9mg==",
        "dependencies": {}
      },
      "typical@4.0.0": {
        "integrity": "sha512-VAH4IvQ7BDFYglMd7BPRDfLgxZZX4O4TFcRDA6EN5X7erNJJq+McIEp8np9aVtxrCJ6qx4GTYVfOWNjcqwZgRw==",
        "dependencies": {}
      },
      "typical@5.2.0": {
        "integrity": "sha512-dvdQgNDNJo+8B2uBQoqdb11eUCE1JQXhvjC/CZtgvZseVd5TYMXnq0+vuUemXbd/Se29cTaUuPX3YIc2xgbvIg==",
        "dependencies": {}
      },
      "util-deprecate@1.0.2": {
        "integrity": "sha512-EPD5q1uXyFxJpCrLnCc1nHnq3gOa6DZBocAIiI2TaSCA7VCJ1UJDMagCzIkXNsUYfD1daK//LTEQ8xiIbrHtcw==",
        "dependencies": {}
      },
      "which@1.3.1": {
        "integrity": "sha512-HxJdYWq1MTIQbJ3nw0cqssHoTNU267KlrDuGZ1WYlxDStUtKUhOaJmh112/TZmHxxUfuJqPXSOm7tDyas0OSIQ==",
        "dependencies": {
          "isexe": "isexe@2.0.0"
        }
      },
      "winston-transport@4.7.0": {
        "integrity": "sha512-ajBj65K5I7denzer2IYW6+2bNIVqLGDHqDw3Ow8Ohh+vdW+rv4MZ6eiDvHoKhfJFZ2auyN8byXieDDJ96ViONg==",
        "dependencies": {
          "logform": "logform@2.6.0",
          "readable-stream": "readable-stream@3.6.2",
          "triple-beam": "triple-beam@1.4.1"
        }
      },
      "winston@3.13.0": {
        "integrity": "sha512-rwidmA1w3SE4j0E5MuIufFhyJPBDG7Nu71RkZor1p2+qHvJSZ9GYDA81AyleQcZbh/+V6HjeBdfnTZJm9rSeQQ==",
        "dependencies": {
          "@colors/colors": "@colors/colors@1.6.0",
          "@dabh/diagnostics": "@dabh/diagnostics@2.0.3",
          "async": "async@3.2.5",
          "is-stream": "is-stream@2.0.1",
          "logform": "logform@2.6.0",
          "one-time": "one-time@1.0.0",
          "readable-stream": "readable-stream@3.6.2",
          "safe-stable-stringify": "safe-stable-stringify@2.4.3",
          "stack-trace": "stack-trace@0.0.10",
          "triple-beam": "triple-beam@1.4.1",
          "winston-transport": "winston-transport@4.7.0"
        }
      },
      "wordwrapjs@4.0.1": {
        "integrity": "sha512-kKlNACbvHrkpIw6oPeYDSmdCTu2hdMHoyXLTcUKala++lx5Y+wjJ/e474Jqv5abnVmwxw08DiTuHmw69lJGksA==",
        "dependencies": {
          "reduce-flatten": "reduce-flatten@2.0.0",
          "typical": "typical@5.2.0"
        }
      },
      "wrappy@1.0.2": {
        "integrity": "sha512-l4Sp/DRseor9wL6EvV2+TuQn63dMkPjZ/sp9XkghTEbV9KlPS1xUsZ3u7/IQO4wxtcFB4bgpQPRcR3QCvezPcQ==",
        "dependencies": {}
      }
    }
  },
  "remote": {
    "https://deno.land/std@0.101.0/_util/assert.ts": "2f868145a042a11d5ad0a3c748dcf580add8a0dbc0e876eaa0026303a5488f58",
    "https://deno.land/std@0.101.0/bytes/bytes_list.ts": "a13287edb03f19d27ba4927dec6d6de3e5bd46254cd4aee6f7e5815810122673",
    "https://deno.land/std@0.101.0/bytes/mod.ts": "1ae1ccfe98c4b979f12b015982c7444f81fcb921bea7aa215bf37d84f46e1e13",
    "https://deno.land/std@0.101.0/fmt/colors.ts": "d2f8355f00a74404668fc5a1e4a92983ce1a9b0a6ac1d40efbd681cb8f519586",
    "https://deno.land/std@0.101.0/io/buffer.ts": "3ead6bb11276ebcf093c403f74f67fd2205a515dbbb9061862c468ca56f37cd8",
    "https://deno.land/std@0.101.0/io/bufio.ts": "6024117aa37f8d21a116654bd5ca5191d803f6492bbc744e3cee5054d0e900d1",
    "https://deno.land/std@0.101.0/io/ioutil.ts": "3c6b7c8be3b8cd19746de028c40063193578612244a935dcc27be9f3ff343b0c",
    "https://deno.land/std@0.101.0/io/mod.ts": "ae04a3f647845dd8ce0a523c208f80636d0640d9e5c730f0e6272cf86c1c0855",
    "https://deno.land/std@0.101.0/io/readers.ts": "17403919724fef2f343c88555606368868a5c752a1099ad801f6a381c170f62d",
    "https://deno.land/std@0.101.0/io/streams.ts": "49e487fdf14b3df109d3cc8e85cc64eb4b350e8a6c76e534b2fd0d47bd374341",
    "https://deno.land/std@0.101.0/io/util.ts": "2dc42adca801a8d2be9074cebd3be9b693667e07e0edb545fcab906b27514149",
    "https://deno.land/std@0.101.0/io/writers.ts": "5453864be11da42dc91f19eb14c0a0e27e9e7f21f5c7174f5419921a6ab64fda",
    "https://deno.land/std@0.101.0/testing/_diff.ts": "a214632660e819a099f3ce719770031a69ba165853f930b90b44d7317a05585b",
    "https://deno.land/std@0.101.0/testing/asserts.ts": "40740a6a16efd07e052cac8280a8c7c445a81131f00a2bd5d8c3e851dfa2ef90",
    "https://deno.land/std@0.221.0/assert/assert.ts": "bec068b2fccdd434c138a555b19a2c2393b71dfaada02b7d568a01541e67cdc5",
    "https://deno.land/std@0.221.0/assert/assertion_error.ts": "9f689a101ee586c4ce92f52fa7ddd362e86434ffdf1f848e45987dc7689976b8",
    "https://deno.land/std@0.221.0/console/_data.json": "cf2cc9d039a192b3adbfe64627167c7e6212704c888c25c769fc8f1709e1e1b8",
    "https://deno.land/std@0.221.0/console/_run_length.ts": "7da8642a0f4f41ac27c0adb1364e18886be856c1d08c5cce6c6b5c00543c8722",
    "https://deno.land/std@0.221.0/console/unicode_width.ts": "d92f085c0ab9c7ab171e4e7862dfd9d3a36ffd369939be5d3e1140ec58bc820f",
    "https://deno.land/std@0.221.0/encoding/_util.ts": "beacef316c1255da9bc8e95afb1fa56ed69baef919c88dc06ae6cb7a6103d376",
    "https://deno.land/std@0.221.0/encoding/base64.ts": "8ccae67a1227b875340a8582ff707f37b131df435b07080d3bb58e07f5f97807",
    "https://deno.land/std@0.221.0/fmt/colors.ts": "d239d84620b921ea520125d778947881f62c50e78deef2657073840b8af9559a",
    "https://deno.land/std@0.221.0/text/closest_string.ts": "8a91ee8b6d69ff96addcb7c251dad53b476ac8be9c756a0ef786abe9e13a93a5",
    "https://deno.land/std@0.221.0/text/levenshtein_distance.ts": "24be5cc88326bbba83ca7c1ea89259af0050cffda2817ff3a6d240ad6495eae2",
    "https://deno.land/std@0.224.0/assert/assert.ts": "09d30564c09de846855b7b071e62b5974b001bb72a4b797958fe0660e7849834",
    "https://deno.land/std@0.224.0/assert/assertion_error.ts": "ba8752bd27ebc51f723702fac2f54d3e94447598f54264a6653d6413738a8917",
    "https://deno.land/std@0.224.0/cli/_data.json": "cf2cc9d039a192b3adbfe64627167c7e6212704c888c25c769fc8f1709e1e1b8",
    "https://deno.land/std@0.224.0/cli/_run_length.ts": "7da8642a0f4f41ac27c0adb1364e18886be856c1d08c5cce6c6b5c00543c8722",
    "https://deno.land/std@0.224.0/cli/unicode_width.ts": "656dd4271ecc90684b6bf23a5fb8c1cf833da625ef2906b61273ad617038072f",
    "https://deno.land/x/cliffy@v1.0.0-rc.4/ansi/ansi.ts": "481e382126922ff686dd664f4bae6bc44df44bc5ed883c0f5f8a8b3776e5a983",
    "https://deno.land/x/cliffy@v1.0.0-rc.4/ansi/ansi_escapes.ts": "193b3c3a4e520274bd8322ca4cab1c3ce38070bed1898cb2ade12a585dddd7c9",
    "https://deno.land/x/cliffy@v1.0.0-rc.4/ansi/colors.ts": "21c6702197d0871c700279d22fc54e4b15152be4ece1f433d6714595b018d265",
    "https://deno.land/x/cliffy@v1.0.0-rc.4/ansi/cursor_position.ts": "7a07410b312885db92ada9ecab095db0ff72ffe339b4e2d31e8c705f2c60c7fa",
    "https://deno.land/x/cliffy@v1.0.0-rc.4/ansi/deps.ts": "4d93b041735f4967fa56c7aeb6be490c07522fb81c419f5fe3bef6b72190db8c",
    "https://deno.land/x/cliffy@v1.0.0-rc.4/command/_argument_types.ts": "ab269dacea2030f865a07c2a1e953ec437a64419a05bad1f1ddaab3f99752ead",
    "https://deno.land/x/cliffy@v1.0.0-rc.4/command/_errors.ts": "d78e1b4d69d84b8b476b5f3c0b028e3906d48f21b8f1ca1d36d5abe9ccfe48bc",
    "https://deno.land/x/cliffy@v1.0.0-rc.4/command/_spread.ts": "0cc6eb70a6df97b5d7d26008822d39f3e8a1232ee0a27f395aa19e68de738245",
    "https://deno.land/x/cliffy@v1.0.0-rc.4/command/_type_utils.ts": "820004a59bc858e355b11f80e5b3ff1be2c87e66f31f53f253610170795602f0",
    "https://deno.land/x/cliffy@v1.0.0-rc.4/command/_utils.ts": "fa0e88cc4215b18554a7308e8e2ae3a12be0fb91c54d1473c54c530dbd4adfcb",
    "https://deno.land/x/cliffy@v1.0.0-rc.4/command/command.ts": "83cbece11c1459d5bc5add32c3cad0bf49e92c4ddd3ef00f22f80efdae30994e",
    "https://deno.land/x/cliffy@v1.0.0-rc.4/command/completions/_bash_completions_generator.ts": "0c6cb1df4d378d22f001155781d97a9c3519fd10c48187a198fef2cc63b0f84a",
    "https://deno.land/x/cliffy@v1.0.0-rc.4/command/completions/_fish_completions_generator.ts": "8ba4455f7f76a756e05c3db4ce35332b2951af65a2891f2750b530e06880f495",
    "https://deno.land/x/cliffy@v1.0.0-rc.4/command/completions/_zsh_completions_generator.ts": "9df79fbac17a32b9645d01628c41a2bfd295d7976b87b0ae235f50a9c8975fbc",
    "https://deno.land/x/cliffy@v1.0.0-rc.4/command/completions/bash.ts": "53fe78994eb2359110dc4fa79235bdd86800a38c1d6b1c4fe673c81756f3a0e2",
    "https://deno.land/x/cliffy@v1.0.0-rc.4/command/completions/complete.ts": "58df61caa5e6220ff2768636a69337923ad9d4b8c1932aeb27165081c4d07d8b",
    "https://deno.land/x/cliffy@v1.0.0-rc.4/command/completions/completions_command.ts": "506f97f1c6b0b1c3e9956e5069070028b818942310600d4157f64c9b644d3c49",
    "https://deno.land/x/cliffy@v1.0.0-rc.4/command/completions/fish.ts": "6f0b44b4067740b2931c9ec8863b6619b1d3410fea0c5a3988525a4c53059197",
    "https://deno.land/x/cliffy@v1.0.0-rc.4/command/completions/mod.ts": "8dda715ca25f3f66d5ec232b76d7c9a96dd4c64b5029feff91738cc0c9586fb1",
    "https://deno.land/x/cliffy@v1.0.0-rc.4/command/completions/zsh.ts": "f1263c3946975e090d4aadc8681db811d86b52a8ae680f246e03248025885c21",
    "https://deno.land/x/cliffy@v1.0.0-rc.4/command/deprecated.ts": "bbe6670f1d645b773d04b725b8b8e7814c862c9f1afba460c4d599ffe9d4983c",
    "https://deno.land/x/cliffy@v1.0.0-rc.4/command/deps.ts": "a58ea2fa4e2ed9b39bb8dd8c35dd0498c74f05392517ff230a9a4d04c4c766b7",
    "https://deno.land/x/cliffy@v1.0.0-rc.4/command/help/_help_generator.ts": "98619da83ff25523280a6fdcad89af3f13a6fafefc81b71f8230f3344b5ff2c5",
    "https://deno.land/x/cliffy@v1.0.0-rc.4/command/help/help_command.ts": "fbbf0c0827dd21d3cec7bcc68c00c20b55f53e2b621032891b9d23ac4191231c",
    "https://deno.land/x/cliffy@v1.0.0-rc.4/command/help/mod.ts": "8369b292761dcc9ddaf41f2d34bfb06fb6800b69efe80da4fc9752c3b890275b",
    "https://deno.land/x/cliffy@v1.0.0-rc.4/command/mod.ts": "4b708df1b97152522bee0e3828f06abbbc1d2250168910e5cf454950d7b7404b",
    "https://deno.land/x/cliffy@v1.0.0-rc.4/command/type.ts": "f588f5d9635b79100044e62aced4b00e510e75b83801f9b089c40c2d98674de2",
    "https://deno.land/x/cliffy@v1.0.0-rc.4/command/types.ts": "bc9ff7459b9cc1079eeb95ff101690a51b4b4afa4af5623340076ee361d08dbb",
    "https://deno.land/x/cliffy@v1.0.0-rc.4/command/types/action_list.ts": "33c98d449617c7a563a535c9ceb3741bde9f6363353fd492f90a74570c611c27",
    "https://deno.land/x/cliffy@v1.0.0-rc.4/command/types/boolean.ts": "3879ec16092b4b5b1a0acb8675f8c9250c0b8a972e1e4c7adfba8335bd2263ed",
    "https://deno.land/x/cliffy@v1.0.0-rc.4/command/types/child_command.ts": "f1fca390c7fbfa7a713ca15ef55c2c7656bcbb394d50e8ef54085bdf6dc22559",
    "https://deno.land/x/cliffy@v1.0.0-rc.4/command/types/command.ts": "325d0382e383b725fd8d0ef34ebaeae082c5b76a1f6f2e843fee5dbb1a4fe3ac",
    "https://deno.land/x/cliffy@v1.0.0-rc.4/command/types/enum.ts": "8a7cd2898e03089234083bb78c8b1d9b7172254c53c32d4710321638165a48ec",
    "https://deno.land/x/cliffy@v1.0.0-rc.4/command/types/file.ts": "8618f16ac9015c8589cbd946b3de1988cc4899b90ea251f3325c93c46745140e",
    "https://deno.land/x/cliffy@v1.0.0-rc.4/command/types/integer.ts": "29864725fd48738579d18123d7ee78fed37515e6dc62146c7544c98a82f1778d",
    "https://deno.land/x/cliffy@v1.0.0-rc.4/command/types/number.ts": "aeba96e6f470309317a16b308c82e0e4138a830ec79c9877e4622c682012bc1f",
    "https://deno.land/x/cliffy@v1.0.0-rc.4/command/types/string.ts": "e4dadb08a11795474871c7967beab954593813bb53d9f69ea5f9b734e43dc0e0",
    "https://deno.land/x/cliffy@v1.0.0-rc.4/command/upgrade/_check_version.ts": "6cfa7dc26bc0dc46381500e8d4b130fb224f4c5456152dada15bd3793edca89b",
    "https://deno.land/x/cliffy@v1.0.0-rc.4/command/upgrade/mod.ts": "4eff69c489467be17dea27fb95a795396111ee385d170ac0cbcc82f0ea38156c",
    "https://deno.land/x/cliffy@v1.0.0-rc.4/command/upgrade/provider.ts": "c23253334097dc4b8a147ccdeb3aa44f5a95aa953a6386cb5396f830d95d77a5",
    "https://deno.land/x/cliffy@v1.0.0-rc.4/command/upgrade/provider/deno_land.ts": "24f8d82e38c51e09be989f30f8ad21f9dd41ac1bb1973b443a13883e8ba06d6d",
    "https://deno.land/x/cliffy@v1.0.0-rc.4/command/upgrade/provider/github.ts": "99e1b133dd446c6aa79f69e69c46eb8bc1c968dd331c2a7d4064514a317c7b59",
    "https://deno.land/x/cliffy@v1.0.0-rc.4/command/upgrade/provider/nest_land.ts": "0e07936cea04fa41ac9297f32d87f39152ea873970c54cb5b4934b12fee1885e",
    "https://deno.land/x/cliffy@v1.0.0-rc.4/command/upgrade/upgrade_command.ts": "27191f4b1ce93581b6d5ee2fff6003fe4fca437f476ecb98b6eae92f2b4d0716",
    "https://deno.land/x/cliffy@v1.0.0-rc.4/flags/_errors.ts": "f1fbb6bfa009e7950508c9d491cfb4a5551027d9f453389606adb3f2327d048f",
    "https://deno.land/x/cliffy@v1.0.0-rc.4/flags/_utils.ts": "25e519ce1f35acc8b43c75d1ca1c4ab591e7dab08327b7b408705b591e27d8bd",
    "https://deno.land/x/cliffy@v1.0.0-rc.4/flags/_validate_flags.ts": "e60b9038c0136ab7e6bd1baf0e993a07bf23f18afbfb6e12c59adf665a622957",
    "https://deno.land/x/cliffy@v1.0.0-rc.4/flags/deprecated.ts": "a72a35de3cc7314e5ebea605ca23d08385b218ef171c32a3f135fb4318b08126",
    "https://deno.land/x/cliffy@v1.0.0-rc.4/flags/deps.ts": "bed26afff36eeb25509440edec9d5d141b3411e08cc7a90e38a370969b5166bb",
    "https://deno.land/x/cliffy@v1.0.0-rc.4/flags/flags.ts": "3e62c4a9756b5705aada29e7e94847001356b3a83cd18ad56f4207387a71cf51",
    "https://deno.land/x/cliffy@v1.0.0-rc.4/flags/types.ts": "9e2f75edff2217d972fc711a21676a59dfd88378da2f1ace440ea84c07db1dcc",
    "https://deno.land/x/cliffy@v1.0.0-rc.4/flags/types/boolean.ts": "4c026dd66ec9c5436860dc6d0241427bdb8d8e07337ad71b33c08193428a2236",
    "https://deno.land/x/cliffy@v1.0.0-rc.4/flags/types/integer.ts": "b60d4d590f309ddddf066782d43e4dc3799f0e7d08e5ede7dc62a5ee94b9a6d9",
    "https://deno.land/x/cliffy@v1.0.0-rc.4/flags/types/number.ts": "610936e2d29de7c8c304b65489a75ebae17b005c6122c24e791fbed12444d51e",
    "https://deno.land/x/cliffy@v1.0.0-rc.4/flags/types/string.ts": "e89b6a5ce322f65a894edecdc48b44956ec246a1d881f03e97bbda90dd8638c5",
    "https://deno.land/x/cliffy@v1.0.0-rc.4/keycode/_key_codes.ts": "917f0a2da0dbace08cf29bcfdaaa2257da9fe7e705fff8867d86ed69dfb08cfe",
    "https://deno.land/x/cliffy@v1.0.0-rc.4/keycode/key_code.ts": "730fa675ca12fc2a99ba718aa8dbebb1f2c89afd47484e30ef3cb705ddfca367",
    "https://deno.land/x/cliffy@v1.0.0-rc.4/keycode/mod.ts": "981b828bddada634e62a2a067b9d1592986180c4e920eb55e0a43cc085eb98ab",
    "https://deno.land/x/cliffy@v1.0.0-rc.4/keypress/mod.ts": "ee4e905b59863f57e56aa7117d3583d0755456ea010eaea5fb9bbb002dea05bf",
    "https://deno.land/x/cliffy@v1.0.0-rc.4/table/_layout.ts": "73a9bcb8a87b3a6817c4c9d2a31a21b874a7dd690ade1c64c9a1f066d628d626",
    "https://deno.land/x/cliffy@v1.0.0-rc.4/table/_utils.ts": "13390db3f11977b7a4fc1202fa8386be14696b475a7f46a65178354f9a6640b7",
    "https://deno.land/x/cliffy@v1.0.0-rc.4/table/border.ts": "5c6e9ef5078c6930169aacb668b274bdbb498461c724a7693ac9270fe9d3f5d5",
    "https://deno.land/x/cliffy@v1.0.0-rc.4/table/cell.ts": "65e3ee699c3cebeb4d4d44e8f156e37a8532a0f317359d73178a95724d3f9267",
    "https://deno.land/x/cliffy@v1.0.0-rc.4/table/column.ts": "cf14009f2cb14bad156f879946186c1893acdc6a2fee6845db152edddb6a2714",
    "https://deno.land/x/cliffy@v1.0.0-rc.4/table/consume_words.ts": "369d065dbf7f15c664ea8523e0ef750fb952aea6d88e146c375e64aec9503052",
    "https://deno.land/x/cliffy@v1.0.0-rc.4/table/deps.ts": "cbb896e8d7a6b5e3c2b9dda7d16638c202d9b46eb738c2dae1fa9480d8091486",
    "https://deno.land/x/cliffy@v1.0.0-rc.4/table/row.ts": "79eb1468aafdd951e5963898cdafe0752d4ab4c519d5f847f3d8ecb8fe857d4f",
    "https://deno.land/x/cliffy@v1.0.0-rc.4/table/table.ts": "298671e72e61f1ab18b42ae36643181993f79e29b39dc411fdc6ffd53aa04684"
  }
}
